github.com/bradfitz/gomemcache v0.0.0-20230905024940-24af94b03874 h1:N7oVaKyGp8bttX0bfZGmcGkjz7DLQXhAn3DNd3T0ous=
github.com/bradfitz/gomemcache v0.0.0-20230905024940-24af94b03874/go.mod h1:r5xuitiExdLAJ09PR7vBVENGvp4ZuTBeWTGtxuX3K+c=
github.com/ubgo/cache v0.1.0 h1:ZYgq8UJg9Xu7FTNFW3OWrSjFuEgeuTjTXUk4fL/Z7r4=
github.com/ubgo/cache v0.1.0/go.mod h1:2Z6dYQnKqvklI06GfUpUxaopjTNay8wV5GYM+m1/zDk=
